
Microsoft Visual Studio Solution File, Format Version 12.00
# Visual Studio Version 17
VisualStudioVersion = 17.7.34221.43
MinimumVisualStudioVersion = 10.0.40219.1
Project("{FAE04EC0-301F-11D3-BF4B-00C04F79EFBC}") = "BMI_Calculator", "BMI_Calculator\BMI_Calculator.csproj", "{A91DA110-365B-4BF2-80B3-A171BC568828}"
EndProject
Global
	GlobalSection(SolutionConfigurationPlatforms) = preSolution
		Debug|Any CPU = Debug|Any CPU
		Release|Any CPU = Release|Any CPU
	EndGlobalSection
	GlobalSection(ProjectConfigurationPlatforms) = postSolution
		{A91DA110-365B-4BF2-80B3-A171BC568828}.Debug|Any CPU.ActiveCfg = Debug|Any CPU
		{A91DA110-365B-4BF2-80B3-A171BC568828}.Debug|Any CPU.Build.0 = Debug|Any CPU
		{A91DA110-365B-4BF2-80B3-A171BC568828}.Release|Any CPU.ActiveCfg = Release|Any CPU
		{A91DA110-365B-4BF2-80B3-A171BC568828}.Release|Any CPU.Build.0 = Release|Any CPU
	EndGlobalSection
	GlobalSection(SolutionProperties) = preSolution
		HideSolutionNode = FALSE
	EndGlobalSection
	GlobalSection(ExtensibilityGlobals) = postSolution
		SolutionGuid = {A7B607CD-DE6B-4005-92A5-219C2137C4A1}
	EndGlobalSection
EndGlobal
